{
  "originHash" : "008501af23e1b70046135106105ff6ea9af68455befc411ac5cfb8a831ad985e",
  "pins" : [
    {
      "identity" : "gate-ios",
      "kind" : "remoteSourceControl",
      "location" : "https://github.com/LAND-MK-1/gate-ios",
      "state" : {
        "branch" : "master",
        "revision" : "c004a52ffba796a10ce51e61e6d84c866d36d702"
      }
    }
  ],
  "version" : 3
}
